
Microsoft Visual Studio Solution File, Format Version 12.00
# Visual Studio Version 17
VisualStudioVersion = 17.13.35828.75 d17.13
MinimumVisualStudioVersion = 10.0.40219.1
Project("{FAE04EC0-301F-11D3-BF4B-00C04F79EFBC}") = "DBGen", "DBGen.csproj", "{EB49978E-BD5A-4E90-A1CE-EB76C1A3546E}"
EndProject
Global
	GlobalSection(SolutionConfigurationPlatforms) = preSolution
		Debug|Any CPU = Debug|Any CPU
		Release|Any CPU = Release|Any CPU
	EndGlobalSection
	GlobalSection(ProjectConfigurationPlatforms) = postSolution
		{EB49978E-BD5A-4E90-A1CE-EB76C1A3546E}.Debug|Any CPU.ActiveCfg = Debug|Any CPU
		{EB49978E-BD5A-4E90-A1CE-EB76C1A3546E}.Debug|Any CPU.Build.0 = Debug|Any CPU
		{EB49978E-BD5A-4E90-A1CE-EB76C1A3546E}.Release|Any CPU.ActiveCfg = Release|Any CPU
		{EB49978E-BD5A-4E90-A1CE-EB76C1A3546E}.Release|Any CPU.Build.0 = Release|Any CPU
	EndGlobalSection
	GlobalSection(SolutionProperties) = preSolution
		HideSolutionNode = FALSE
	EndGlobalSection
	GlobalSection(ExtensibilityGlobals) = postSolution
		SolutionGuid = {715624E2-F4E9-4DE7-9079-6472A7EEDB06}
	EndGlobalSection
EndGlobal
